{
  "nodes": {
    "nixpkgs": {
      "locked": {
        "lastModified": 1785571196,
        "narHash": "sha256-KoTsyMQqnXQZq8deCEnu4QkyldkwH/bpMMhUcfMdGIw=",
        "owner": "NixOS",
        "repo": "nixpkgs",
        "rev": "148bab9c1c3c53136ecb44a6ea356a0ed5b39b06",
        "type": "github"
      },
      "original": {
        "owner": "NixOS",
        "ref": "nixos-unstable",
        "repo": "nixpkgs",
        "type": "github"
      }
    },
    "nixpkgs_2": {
      "locked": {
        "lastModified": 1784120854,
        "narHash": "sha256-KesHgItiZPgGX740axSiQLcIQ8D24MDqNpkKYWIek8k=",
        "owner": "NixOS",
        "repo": "nixpkgs",
        "rev": "753cc8a3a87467296ddd1fa93f0cc3e81120ee46",
        "type": "github"
      },
      "original": {
        "owner": "NixOS",
        "ref": "nixos-unstable",
        "repo": "nixpkgs",
        "type": "github"
      }
    },
    "root": {
      "inputs": {
        "nixpkgs": "nixpkgs",
        "th-cross": "th-cross"
      }
    },
    "th-cross": {
      "inputs": {
        "nixpkgs": "nixpkgs_2"
      },
      "locked": {
        "lastModified": 1786362085,
        "narHash": "sha256-xpvN/vJHYXsNnitfkP60EPI4r8IOUjrBCzEwg3oC8zY=",
        "owner": "alexd1971",
        "repo": "template-haskell-cross",
        "rev": "cbe36c5d4610efb47c1f576e4c810459b6d5466b",
        "type": "github"
      },
      "original": {
        "owner": "alexd1971",
        "repo": "template-haskell-cross",
        "type": "github"
      }
    }
  },
  "root": "root",
  "version": 7
}
