{
  "nodes": {
    "haskell-ffi-th": {
      "inputs": {
        "nixpkgs": "nixpkgs"
      },
      "locked": {
        "lastModified": 1786132922,
        "narHash": "sha256-N30HPoKBY10eCSBjV3mh+hMpvQILOI+iLclysGuhLwg=",
        "owner": "alexd1971",
        "repo": "haskell-ffi-th",
        "rev": "de6b0466c9a9395e855159aca8cce423c5320ba8",
        "type": "github"
      },
      "original": {
        "owner": "alexd1971",
        "repo": "haskell-ffi-th",
        "type": "github"
      }
    },
    "nixpkgs": {
      "locked": {
        "lastModified": 1785828668,
        "narHash": "sha256-8fsyqeO+mJqvIzeO4xIpgJe/f7MTbbVTEC6RT6WSXNs=",
        "owner": "NixOS",
        "repo": "nixpkgs",
        "rev": "e72e4f299401a3689d4b3d5fc6496b11db7064eb",
        "type": "github"
      },
      "original": {
        "owner": "NixOS",
        "ref": "nixos-unstable",
        "repo": "nixpkgs",
        "type": "github"
      }
    },
    "nixpkgs_2": {
      "locked": {
        "lastModified": 1785571196,
        "narHash": "sha256-KoTsyMQqnXQZq8deCEnu4QkyldkwH/bpMMhUcfMdGIw=",
        "owner": "NixOS",
        "repo": "nixpkgs",
        "rev": "148bab9c1c3c53136ecb44a6ea356a0ed5b39b06",
        "type": "github"
      },
      "original": {
        "owner": "NixOS",
        "ref": "nixos-unstable",
        "repo": "nixpkgs",
        "type": "github"
      }
    },
    "nixpkgs_3": {
      "locked": {
        "lastModified": 1784120854,
        "narHash": "sha256-KesHgItiZPgGX740axSiQLcIQ8D24MDqNpkKYWIek8k=",
        "owner": "NixOS",
        "repo": "nixpkgs",
        "rev": "753cc8a3a87467296ddd1fa93f0cc3e81120ee46",
        "type": "github"
      },
      "original": {
        "owner": "NixOS",
        "ref": "nixos-unstable",
        "repo": "nixpkgs",
        "type": "github"
      }
    },
    "root": {
      "inputs": {
        "haskell-ffi-th": "haskell-ffi-th",
        "nixpkgs": "nixpkgs_2",
        "th-cross": "th-cross"
      }
    },
    "th-cross": {
      "inputs": {
        "nixpkgs": "nixpkgs_3"
      },
      "locked": {
        "lastModified": 1785855740,
        "narHash": "sha256-W3EjBLD7S+pQ9KUa6lU7gg66xObiKOT9X0roPq3CVP4=",
        "owner": "alexd1971",
        "repo": "template-haskell-cross",
        "rev": "0e75b65f840935b7304f9e7c1da4d338d41e297d",
        "type": "github"
      },
      "original": {
        "owner": "alexd1971",
        "repo": "template-haskell-cross",
        "type": "github"
      }
    }
  },
  "root": "root",
  "version": 7
}
